
Microsoft Visual Studio Solution File, Format Version 12.00
# Visual Studio 15
VisualStudioVersion = 15.0.28307.136
MinimumVisualStudioVersion = 10.0.40219.1
Project("{FAE04EC0-301F-11D3-BF4B-00C04F79EFBC}") = "TestQAWexVivianeRibeiro", "TestQAWexVivianeRibeiro\TestQAWexVivianeRibeiro.csproj", "{46F0A6CB-3A0B-46F4-A5AE-CF605F707AC3}"
EndProject
Global
	GlobalSection(SolutionConfigurationPlatforms) = preSolution
		Debug|Any CPU = Debug|Any CPU
		Release|Any CPU = Release|Any CPU
	EndGlobalSection
	GlobalSection(ProjectConfigurationPlatforms) = postSolution
		{46F0A6CB-3A0B-46F4-A5AE-CF605F707AC3}.Debug|Any CPU.ActiveCfg = Debug|Any CPU
		{46F0A6CB-3A0B-46F4-A5AE-CF605F707AC3}.Debug|Any CPU.Build.0 = Debug|Any CPU
		{46F0A6CB-3A0B-46F4-A5AE-CF605F707AC3}.Release|Any CPU.ActiveCfg = Release|Any CPU
		{46F0A6CB-3A0B-46F4-A5AE-CF605F707AC3}.Release|Any CPU.Build.0 = Release|Any CPU
	EndGlobalSection
	GlobalSection(SolutionProperties) = preSolution
		HideSolutionNode = FALSE
	EndGlobalSection
	GlobalSection(ExtensibilityGlobals) = postSolution
		SolutionGuid = {5074EF14-071C-4B0E-AFCB-DA2E3C8C0F89}
	EndGlobalSection
EndGlobal
